
Microsoft Visual Studio Solution File, Format Version 12.00
# Visual Studio Version 17
VisualStudioVersion = 17.11.35312.102
MinimumVisualStudioVersion = 10.0.40219.1
Project("{9A19103F-16F7-4668-BE54-9A1E7A4F7556}") = "CertificatePinning", "CertificatePinning.csproj", "{09D63C81-EEB5-4979-BE0C-CCE7682F2245}"
EndProject
Project("{2150E333-8FDC-42A3-9474-1A3956D46DE8}") = "TrustKitBindings", "TrustKitBindings", "{C91D0B63-A23E-43DA-9077-EA4AC15483FB}"
EndProject
Project("{9A19103F-16F7-4668-BE54-9A1E7A4F7556}") = "TrustKitAndroidBindings", "..\TrustKitBindings\TrustKitAndroidBindings\TrustKitAndroidBindings.csproj", "{C35A618C-EF46-4BAE-9072-62257EB95550}"
EndProject
Project("{9A19103F-16F7-4668-BE54-9A1E7A4F7556}") = "TrustKitiOSBinding", "..\TrustKitBindings\TrustKitiOSBinding\TrustKitiOSBinding.csproj", "{69BF2190-7C2C-4FF6-B6B7-3E2ADB935001}"
EndProject
Global
	GlobalSection(SolutionConfigurationPlatforms) = preSolution
		Debug|Any CPU = Debug|Any CPU
		Release|Any CPU = Release|Any CPU
	EndGlobalSection
	GlobalSection(ProjectConfigurationPlatforms) = postSolution
		{09D63C81-EEB5-4979-BE0C-CCE7682F2245}.Debug|Any CPU.ActiveCfg = Debug|Any CPU
		{09D63C81-EEB5-4979-BE0C-CCE7682F2245}.Debug|Any CPU.Build.0 = Debug|Any CPU
		{09D63C81-EEB5-4979-BE0C-CCE7682F2245}.Debug|Any CPU.Deploy.0 = Debug|Any CPU
		{09D63C81-EEB5-4979-BE0C-CCE7682F2245}.Release|Any CPU.ActiveCfg = Release|Any CPU
		{09D63C81-EEB5-4979-BE0C-CCE7682F2245}.Release|Any CPU.Build.0 = Release|Any CPU
		{09D63C81-EEB5-4979-BE0C-CCE7682F2245}.Release|Any CPU.Deploy.0 = Release|Any CPU
		{C35A618C-EF46-4BAE-9072-62257EB95550}.Debug|Any CPU.ActiveCfg = Debug|Any CPU
		{C35A618C-EF46-4BAE-9072-62257EB95550}.Debug|Any CPU.Build.0 = Debug|Any CPU
		{C35A618C-EF46-4BAE-9072-62257EB95550}.Release|Any CPU.ActiveCfg = Release|Any CPU
		{C35A618C-EF46-4BAE-9072-62257EB95550}.Release|Any CPU.Build.0 = Release|Any CPU
		{69BF2190-7C2C-4FF6-B6B7-3E2ADB935001}.Debug|Any CPU.ActiveCfg = Debug|Any CPU
		{69BF2190-7C2C-4FF6-B6B7-3E2ADB935001}.Debug|Any CPU.Build.0 = Debug|Any CPU
		{69BF2190-7C2C-4FF6-B6B7-3E2ADB935001}.Release|Any CPU.ActiveCfg = Release|Any CPU
		{69BF2190-7C2C-4FF6-B6B7-3E2ADB935001}.Release|Any CPU.Build.0 = Release|Any CPU
	EndGlobalSection
	GlobalSection(SolutionProperties) = preSolution
		HideSolutionNode = FALSE
	EndGlobalSection
	GlobalSection(NestedProjects) = preSolution
		{C35A618C-EF46-4BAE-9072-62257EB95550} = {C91D0B63-A23E-43DA-9077-EA4AC15483FB}
		{69BF2190-7C2C-4FF6-B6B7-3E2ADB935001} = {C91D0B63-A23E-43DA-9077-EA4AC15483FB}
	EndGlobalSection
	GlobalSection(ExtensibilityGlobals) = postSolution
		SolutionGuid = {AA171123-5A8D-4C97-9568-2F7ACA3BB469}
	EndGlobalSection
EndGlobal
